
Microsoft Visual Studio Solution File, Format Version 12.00
# Visual Studio Version 16
VisualStudioVersion = 16.0.32126.315
MinimumVisualStudioVersion = 10.0.40219.1
Project("{FAE04EC0-301F-11D3-BF4B-00C04F79EFBC}") = "FolmulirPendaftaran", "FolmulirPendaftaran\FolmulirPendaftaran.csproj", "{80262CCA-0DE9-4D12-A618-C31EC59708FB}"
EndProject
Global
	GlobalSection(SolutionConfigurationPlatforms) = preSolution
		Debug|Any CPU = Debug|Any CPU
		Release|Any CPU = Release|Any CPU
	EndGlobalSection
	GlobalSection(ProjectConfigurationPlatforms) = postSolution
		{80262CCA-0DE9-4D12-A618-C31EC59708FB}.Debug|Any CPU.ActiveCfg = Debug|Any CPU
		{80262CCA-0DE9-4D12-A618-C31EC59708FB}.Debug|Any CPU.Build.0 = Debug|Any CPU
		{80262CCA-0DE9-4D12-A618-C31EC59708FB}.Release|Any CPU.ActiveCfg = Release|Any CPU
		{80262CCA-0DE9-4D12-A618-C31EC59708FB}.Release|Any CPU.Build.0 = Release|Any CPU
	EndGlobalSection
	GlobalSection(SolutionProperties) = preSolution
		HideSolutionNode = FALSE
	EndGlobalSection
	GlobalSection(ExtensibilityGlobals) = postSolution
		SolutionGuid = {2C3EA6DB-A3DB-43AB-A1FE-CB8D6D45D4C4}
	EndGlobalSection
EndGlobal
